
Microsoft Visual Studio Solution File, Format Version 12.00
# Visual Studio Version 17
VisualStudioVersion = 17.0.31919.166
MinimumVisualStudioVersion = 10.0.40219.1
Project("{9A19103F-16F7-4668-BE54-9A1E7A4F7556}") = "1-Conditionals", "1-Conditionals\1-Conditionals.csproj", "{50B1DA6E-F2D5-49EF-894A-1F8189820143}"
EndProject
Project("{9A19103F-16F7-4668-BE54-9A1E7A4F7556}") = "2-Loops", "2-Loops\2-Loops.csproj", "{CD44A916-BFFE-493B-ACEA-6A3D4D051E3A}"
EndProject
Project("{9A19103F-16F7-4668-BE54-9A1E7A4F7556}") = "3-ArraysAndLists", "ArraysAndLists\3-ArraysAndLists.csproj", "{2D9AE33E-1191-483B-AAE0-0E0AC5FB5ED6}"
EndProject
Project("{FAE04EC0-301F-11D3-BF4B-00C04F79EFBC}") = "4-WorkingWithText", "4-WorkingWithText\4-WorkingWithText.csproj", "{0603862C-F5AF-44CE-933F-4FD57DA2AA56}"
EndProject
Global
	GlobalSection(SolutionConfigurationPlatforms) = preSolution
		Debug|Any CPU = Debug|Any CPU
		Debug|x64 = Debug|x64
		Debug|x86 = Debug|x86
		Release|Any CPU = Release|Any CPU
		Release|x64 = Release|x64
		Release|x86 = Release|x86
	EndGlobalSection
	GlobalSection(ProjectConfigurationPlatforms) = postSolution
		{50B1DA6E-F2D5-49EF-894A-1F8189820143}.Debug|Any CPU.ActiveCfg = Debug|Any CPU
		{50B1DA6E-F2D5-49EF-894A-1F8189820143}.Debug|Any CPU.Build.0 = Debug|Any CPU
		{50B1DA6E-F2D5-49EF-894A-1F8189820143}.Debug|x64.ActiveCfg = Debug|Any CPU
		{50B1DA6E-F2D5-49EF-894A-1F8189820143}.Debug|x64.Build.0 = Debug|Any CPU
		{50B1DA6E-F2D5-49EF-894A-1F8189820143}.Debug|x86.ActiveCfg = Debug|Any CPU
		{50B1DA6E-F2D5-49EF-894A-1F8189820143}.Debug|x86.Build.0 = Debug|Any CPU
		{50B1DA6E-F2D5-49EF-894A-1F8189820143}.Release|Any CPU.ActiveCfg = Release|Any CPU
		{50B1DA6E-F2D5-49EF-894A-1F8189820143}.Release|Any CPU.Build.0 = Release|Any CPU
		{50B1DA6E-F2D5-49EF-894A-1F8189820143}.Release|x64.ActiveCfg = Release|Any CPU
		{50B1DA6E-F2D5-49EF-894A-1F8189820143}.Release|x64.Build.0 = Release|Any CPU
		{50B1DA6E-F2D5-49EF-894A-1F8189820143}.Release|x86.ActiveCfg = Release|Any CPU
		{50B1DA6E-F2D5-49EF-894A-1F8189820143}.Release|x86.Build.0 = Release|Any CPU
		{CD44A916-BFFE-493B-ACEA-6A3D4D051E3A}.Debug|Any CPU.ActiveCfg = Debug|Any CPU
		{CD44A916-BFFE-493B-ACEA-6A3D4D051E3A}.Debug|Any CPU.Build.0 = Debug|Any CPU
		{CD44A916-BFFE-493B-ACEA-6A3D4D051E3A}.Debug|x64.ActiveCfg = Debug|Any CPU
		{CD44A916-BFFE-493B-ACEA-6A3D4D051E3A}.Debug|x64.Build.0 = Debug|Any CPU
		{CD44A916-BFFE-493B-ACEA-6A3D4D051E3A}.Debug|x86.ActiveCfg = Debug|Any CPU
		{CD44A916-BFFE-493B-ACEA-6A3D4D051E3A}.Debug|x86.Build.0 = Debug|Any CPU
		{CD44A916-BFFE-493B-ACEA-6A3D4D051E3A}.Release|Any CPU.ActiveCfg = Release|Any CPU
		{CD44A916-BFFE-493B-ACEA-6A3D4D051E3A}.Release|Any CPU.Build.0 = Release|Any CPU
		{CD44A916-BFFE-493B-ACEA-6A3D4D051E3A}.Release|x64.ActiveCfg = Release|Any CPU
		{CD44A916-BFFE-493B-ACEA-6A3D4D051E3A}.Release|x64.Build.0 = Release|Any CPU
		{CD44A916-BFFE-493B-ACEA-6A3D4D051E3A}.Release|x86.ActiveCfg = Release|Any CPU
		{CD44A916-BFFE-493B-ACEA-6A3D4D051E3A}.Release|x86.Build.0 = Release|Any CPU
		{2D9AE33E-1191-483B-AAE0-0E0AC5FB5ED6}.Debug|Any CPU.ActiveCfg = Debug|Any CPU
		{2D9AE33E-1191-483B-AAE0-0E0AC5FB5ED6}.Debug|Any CPU.Build.0 = Debug|Any CPU
		{2D9AE33E-1191-483B-AAE0-0E0AC5FB5ED6}.Debug|x64.ActiveCfg = Debug|Any CPU
		{2D9AE33E-1191-483B-AAE0-0E0AC5FB5ED6}.Debug|x64.Build.0 = Debug|Any CPU
		{2D9AE33E-1191-483B-AAE0-0E0AC5FB5ED6}.Debug|x86.ActiveCfg = Debug|Any CPU
		{2D9AE33E-1191-483B-AAE0-0E0AC5FB5ED6}.Debug|x86.Build.0 = Debug|Any CPU
		{2D9AE33E-1191-483B-AAE0-0E0AC5FB5ED6}.Release|Any CPU.ActiveCfg = Release|Any CPU
		{2D9AE33E-1191-483B-AAE0-0E0AC5FB5ED6}.Release|Any CPU.Build.0 = Release|Any CPU
		{2D9AE33E-1191-483B-AAE0-0E0AC5FB5ED6}.Release|x64.ActiveCfg = Release|Any CPU
		{2D9AE33E-1191-483B-AAE0-0E0AC5FB5ED6}.Release|x64.Build.0 = Release|Any CPU
		{2D9AE33E-1191-483B-AAE0-0E0AC5FB5ED6}.Release|x86.ActiveCfg = Release|Any CPU
		{2D9AE33E-1191-483B-AAE0-0E0AC5FB5ED6}.Release|x86.Build.0 = Release|Any CPU
		{0603862C-F5AF-44CE-933F-4FD57DA2AA56}.Debug|Any CPU.ActiveCfg = Debug|Any CPU
		{0603862C-F5AF-44CE-933F-4FD57DA2AA56}.Debug|Any CPU.Build.0 = Debug|Any CPU
		{0603862C-F5AF-44CE-933F-4FD57DA2AA56}.Debug|x64.ActiveCfg = Debug|Any CPU
		{0603862C-F5AF-44CE-933F-4FD57DA2AA56}.Debug|x64.Build.0 = Debug|Any CPU
		{0603862C-F5AF-44CE-933F-4FD57DA2AA56}.Debug|x86.ActiveCfg = Debug|Any CPU
		{0603862C-F5AF-44CE-933F-4FD57DA2AA56}.Debug|x86.Build.0 = Debug|Any CPU
		{0603862C-F5AF-44CE-933F-4FD57DA2AA56}.Release|Any CPU.ActiveCfg = Release|Any CPU
		{0603862C-F5AF-44CE-933F-4FD57DA2AA56}.Release|Any CPU.Build.0 = Release|Any CPU
		{0603862C-F5AF-44CE-933F-4FD57DA2AA56}.Release|x64.ActiveCfg = Release|Any CPU
		{0603862C-F5AF-44CE-933F-4FD57DA2AA56}.Release|x64.Build.0 = Release|Any CPU
		{0603862C-F5AF-44CE-933F-4FD57DA2AA56}.Release|x86.ActiveCfg = Release|Any CPU
		{0603862C-F5AF-44CE-933F-4FD57DA2AA56}.Release|x86.Build.0 = Release|Any CPU
	EndGlobalSection
	GlobalSection(SolutionProperties) = preSolution
		HideSolutionNode = FALSE
	EndGlobalSection
	GlobalSection(ExtensibilityGlobals) = postSolution
		SolutionGuid = {196F6B62-EF95-43E3-89E1-97724FB32221}
	EndGlobalSection
EndGlobal
