
Microsoft Visual Studio Solution File, Format Version 12.00
# Visual Studio Version 17
VisualStudioVersion = 17.2.32616.157
MinimumVisualStudioVersion = 10.0.40219.1
Project("{FAE04EC0-301F-11D3-BF4B-00C04F79EFBC}") = "CwM-Part2", "CwM-Part2\CwM-Part2.csproj", "{4E7944B6-244D-4A91-B46F-AEEF07B6E36C}"
EndProject
Global
	GlobalSection(SolutionConfigurationPlatforms) = preSolution
		Debug|Any CPU = Debug|Any CPU
		Release|Any CPU = Release|Any CPU
	EndGlobalSection
	GlobalSection(ProjectConfigurationPlatforms) = postSolution
		{4E7944B6-244D-4A91-B46F-AEEF07B6E36C}.Debug|Any CPU.ActiveCfg = Debug|Any CPU
		{4E7944B6-244D-4A91-B46F-AEEF07B6E36C}.Debug|Any CPU.Build.0 = Debug|Any CPU
		{4E7944B6-244D-4A91-B46F-AEEF07B6E36C}.Release|Any CPU.ActiveCfg = Release|Any CPU
		{4E7944B6-244D-4A91-B46F-AEEF07B6E36C}.Release|Any CPU.Build.0 = Release|Any CPU
	EndGlobalSection
	GlobalSection(SolutionProperties) = preSolution
		HideSolutionNode = FALSE
	EndGlobalSection
	GlobalSection(ExtensibilityGlobals) = postSolution
		SolutionGuid = {C6AA3D1C-F35A-4419-A03D-E6356827462A}
	EndGlobalSection
EndGlobal
